
Microsoft Visual Studio Solution File, Format Version 10.00
# Visual Studio 2008
Project("{FAE04EC0-301F-11D3-BF4B-00C04F79EFBC}") = "GZipViewer", "Log\GZipViewer\GZipViewer.csproj", "{B1F52752-C051-4814-AE54-AB10C7D95B8A}"
EndProject
Project("{FAE04EC0-301F-11D3-BF4B-00C04F79EFBC}") = "Logging.Test", "Log\Test\Logging.Test.csproj", "{45E678E9-5C41-4F8D-9040-9AA7AF0B000B}"
	ProjectSection(ProjectDependencies) = postProject
		{45E678E9-5C41-4F8D-9040-9AA7AF0B000A} = {45E678E9-5C41-4F8D-9040-9AA7AF0B000A}
	EndProjectSection
EndProject
Project("{FAE04EC0-301F-11D3-BF4B-00C04F79EFBC}") = "Logging", "Log\Logging.csproj", "{45E678E9-5C41-4F8D-9040-9AA7AF0B000A}"
EndProject
Project("{FAE04EC0-301F-11D3-BF4B-00C04F79EFBC}") = "Shared.Test", "Shared\Shared.Test.csproj", "{A8AA85C6-75F5-4030-B420-2568076EF68B}"
EndProject
Project("{FAE04EC0-301F-11D3-BF4B-00C04F79EFBC}") = "Library", "Library\Library.csproj", "{7BD5EDD1-445C-46D1-A0B2-4B68CB51EADB}"
	ProjectSection(ProjectDependencies) = postProject
		{45E678E9-5C41-4F8D-9040-9AA7AF0B000A} = {45E678E9-5C41-4F8D-9040-9AA7AF0B000A}
	EndProjectSection
EndProject
Project("{FAE04EC0-301F-11D3-BF4B-00C04F79EFBC}") = "Library.Test", "Library\Library.Test\Library.Test.csproj", "{097601FB-7E62-47DA-8E48-B56C9AD5DF20}"
	ProjectSection(ProjectDependencies) = postProject
		{7BD5EDD1-445C-46D1-A0B2-4B68CB51EADB} = {7BD5EDD1-445C-46D1-A0B2-4B68CB51EADB}
	EndProjectSection
EndProject
Project("{FAE04EC0-301F-11D3-BF4B-00C04F79EFBC}") = "CoverageReport", "Tools\CoverageReport\CoverageReport.csproj", "{F6822590-159D-4FA2-813D-9DB89F736A8D}"
EndProject
Project("{FAE04EC0-301F-11D3-BF4B-00C04F79EFBC}") = "StampVersion", "Tools\StampVersion\StampVersion.csproj", "{17A3A028-0428-403C-8CE5-9282CF1248D2}"
EndProject
Project("{FAE04EC0-301F-11D3-BF4B-00C04F79EFBC}") = "SvnPlugin", "Tools\SvnPlugin\SvnPlugin.csproj", "{CFF6CAA1-27A0-46FF-89D6-AD70F3575685}"
EndProject
Project("{FAE04EC0-301F-11D3-BF4B-00C04F79EFBC}") = "SvnEditor", "Tools\SvnPlugin\SvnEditor.csproj", "{9208F806-D81A-4C53-8805-49827FD399E2}"
EndProject
Project("{FAE04EC0-301F-11D3-BF4B-00C04F79EFBC}") = "SvnJiraIntegration", "Tools\SvnPlugin\SvnJiraIntegration.csproj", "{73680B86-524B-4296-90CE-740B2486D279}"
EndProject
Project("{FAE04EC0-301F-11D3-BF4B-00C04F79EFBC}") = "SslTunnel.Library", "SslTunnel\Library\SslTunnel.Library.csproj", "{022F82B4-4E41-4A8A-ADE2-B500F71D3C26}"
EndProject
Project("{FAE04EC0-301F-11D3-BF4B-00C04F79EFBC}") = "SslTunnel.Server", "SslTunnel\Server\SslTunnel.Server.csproj", "{61A72054-0822-401C-BD89-DC3B2ED328A5}"
EndProject
Project("{FAE04EC0-301F-11D3-BF4B-00C04F79EFBC}") = "SslTunnel.Test", "SslTunnel\Test\SslTunnel.Test.csproj", "{8C8B35B9-9A35-4020-9A86-BA934B718331}"
EndProject
Global
	GlobalSection(SolutionConfigurationPlatforms) = preSolution
		Debug|Any CPU = Debug|Any CPU
		Debug|Mixed Platforms = Debug|Mixed Platforms
		Debug|Win32 = Debug|Win32
		Release|Any CPU = Release|Any CPU
		Release|Mixed Platforms = Release|Mixed Platforms
		Release|Win32 = Release|Win32
	EndGlobalSection
	GlobalSection(ProjectConfigurationPlatforms) = postSolution
		{B1F52752-C051-4814-AE54-AB10C7D95B8A}.Debug|Any CPU.ActiveCfg = Debug|Any CPU
		{B1F52752-C051-4814-AE54-AB10C7D95B8A}.Debug|Any CPU.Build.0 = Debug|Any CPU
		{B1F52752-C051-4814-AE54-AB10C7D95B8A}.Debug|Mixed Platforms.ActiveCfg = Debug|Any CPU
		{B1F52752-C051-4814-AE54-AB10C7D95B8A}.Debug|Mixed Platforms.Build.0 = Debug|Any CPU
		{B1F52752-C051-4814-AE54-AB10C7D95B8A}.Debug|Win32.ActiveCfg = Debug|Any CPU
		{B1F52752-C051-4814-AE54-AB10C7D95B8A}.Release|Any CPU.ActiveCfg = Debug|Any CPU
		{B1F52752-C051-4814-AE54-AB10C7D95B8A}.Release|Any CPU.Build.0 = Debug|Any CPU
		{B1F52752-C051-4814-AE54-AB10C7D95B8A}.Release|Mixed Platforms.ActiveCfg = Debug|Any CPU
		{B1F52752-C051-4814-AE54-AB10C7D95B8A}.Release|Mixed Platforms.Build.0 = Debug|Any CPU
		{B1F52752-C051-4814-AE54-AB10C7D95B8A}.Release|Win32.ActiveCfg = Debug|Any CPU
		{45E678E9-5C41-4F8D-9040-9AA7AF0B000B}.Debug|Any CPU.ActiveCfg = Debug|Any CPU
		{45E678E9-5C41-4F8D-9040-9AA7AF0B000B}.Debug|Any CPU.Build.0 = Debug|Any CPU
		{45E678E9-5C41-4F8D-9040-9AA7AF0B000B}.Debug|Mixed Platforms.ActiveCfg = Debug|Any CPU
		{45E678E9-5C41-4F8D-9040-9AA7AF0B000B}.Debug|Mixed Platforms.Build.0 = Debug|Any CPU
		{45E678E9-5C41-4F8D-9040-9AA7AF0B000B}.Debug|Win32.ActiveCfg = Debug|Any CPU
		{45E678E9-5C41-4F8D-9040-9AA7AF0B000B}.Release|Any CPU.ActiveCfg = Debug|Any CPU
		{45E678E9-5C41-4F8D-9040-9AA7AF0B000B}.Release|Any CPU.Build.0 = Debug|Any CPU
		{45E678E9-5C41-4F8D-9040-9AA7AF0B000B}.Release|Mixed Platforms.ActiveCfg = Debug|Any CPU
		{45E678E9-5C41-4F8D-9040-9AA7AF0B000B}.Release|Mixed Platforms.Build.0 = Debug|Any CPU
		{45E678E9-5C41-4F8D-9040-9AA7AF0B000B}.Release|Win32.ActiveCfg = Debug|Any CPU
		{45E678E9-5C41-4F8D-9040-9AA7AF0B000A}.Debug|Any CPU.ActiveCfg = Debug|Any CPU
		{45E678E9-5C41-4F8D-9040-9AA7AF0B000A}.Debug|Any CPU.Build.0 = Debug|Any CPU
		{45E678E9-5C41-4F8D-9040-9AA7AF0B000A}.Debug|Mixed Platforms.ActiveCfg = Debug|Any CPU
		{45E678E9-5C41-4F8D-9040-9AA7AF0B000A}.Debug|Mixed Platforms.Build.0 = Debug|Any CPU
		{45E678E9-5C41-4F8D-9040-9AA7AF0B000A}.Debug|Win32.ActiveCfg = Debug|Any CPU
		{45E678E9-5C41-4F8D-9040-9AA7AF0B000A}.Release|Any CPU.ActiveCfg = Debug|Any CPU
		{45E678E9-5C41-4F8D-9040-9AA7AF0B000A}.Release|Any CPU.Build.0 = Debug|Any CPU
		{45E678E9-5C41-4F8D-9040-9AA7AF0B000A}.Release|Mixed Platforms.ActiveCfg = Debug|Any CPU
		{45E678E9-5C41-4F8D-9040-9AA7AF0B000A}.Release|Mixed Platforms.Build.0 = Debug|Any CPU
		{45E678E9-5C41-4F8D-9040-9AA7AF0B000A}.Release|Win32.ActiveCfg = Debug|Any CPU
		{A8AA85C6-75F5-4030-B420-2568076EF68B}.Debug|Any CPU.ActiveCfg = Debug|Any CPU
		{A8AA85C6-75F5-4030-B420-2568076EF68B}.Debug|Any CPU.Build.0 = Debug|Any CPU
		{A8AA85C6-75F5-4030-B420-2568076EF68B}.Debug|Mixed Platforms.ActiveCfg = Debug|Any CPU
		{A8AA85C6-75F5-4030-B420-2568076EF68B}.Debug|Mixed Platforms.Build.0 = Debug|Any CPU
		{A8AA85C6-75F5-4030-B420-2568076EF68B}.Debug|Win32.ActiveCfg = Debug|Any CPU
		{A8AA85C6-75F5-4030-B420-2568076EF68B}.Release|Any CPU.ActiveCfg = Debug|Any CPU
		{A8AA85C6-75F5-4030-B420-2568076EF68B}.Release|Any CPU.Build.0 = Debug|Any CPU
		{A8AA85C6-75F5-4030-B420-2568076EF68B}.Release|Mixed Platforms.ActiveCfg = Debug|Any CPU
		{A8AA85C6-75F5-4030-B420-2568076EF68B}.Release|Mixed Platforms.Build.0 = Debug|Any CPU
		{A8AA85C6-75F5-4030-B420-2568076EF68B}.Release|Win32.ActiveCfg = Debug|Any CPU
		{7BD5EDD1-445C-46D1-A0B2-4B68CB51EADB}.Debug|Any CPU.ActiveCfg = Debug|Any CPU
		{7BD5EDD1-445C-46D1-A0B2-4B68CB51EADB}.Debug|Any CPU.Build.0 = Debug|Any CPU
		{7BD5EDD1-445C-46D1-A0B2-4B68CB51EADB}.Debug|Mixed Platforms.ActiveCfg = Debug|Any CPU
		{7BD5EDD1-445C-46D1-A0B2-4B68CB51EADB}.Debug|Mixed Platforms.Build.0 = Debug|Any CPU
		{7BD5EDD1-445C-46D1-A0B2-4B68CB51EADB}.Debug|Win32.ActiveCfg = Debug|Any CPU
		{7BD5EDD1-445C-46D1-A0B2-4B68CB51EADB}.Release|Any CPU.ActiveCfg = Release|Any CPU
		{7BD5EDD1-445C-46D1-A0B2-4B68CB51EADB}.Release|Any CPU.Build.0 = Release|Any CPU
		{7BD5EDD1-445C-46D1-A0B2-4B68CB51EADB}.Release|Mixed Platforms.ActiveCfg = Release|Any CPU
		{7BD5EDD1-445C-46D1-A0B2-4B68CB51EADB}.Release|Mixed Platforms.Build.0 = Release|Any CPU
		{7BD5EDD1-445C-46D1-A0B2-4B68CB51EADB}.Release|Win32.ActiveCfg = Release|Any CPU
		{097601FB-7E62-47DA-8E48-B56C9AD5DF20}.Debug|Any CPU.ActiveCfg = Debug|Any CPU
		{097601FB-7E62-47DA-8E48-B56C9AD5DF20}.Debug|Any CPU.Build.0 = Debug|Any CPU
		{097601FB-7E62-47DA-8E48-B56C9AD5DF20}.Debug|Mixed Platforms.ActiveCfg = Debug|Any CPU
		{097601FB-7E62-47DA-8E48-B56C9AD5DF20}.Debug|Mixed Platforms.Build.0 = Debug|Any CPU
		{097601FB-7E62-47DA-8E48-B56C9AD5DF20}.Debug|Win32.ActiveCfg = Debug|Any CPU
		{097601FB-7E62-47DA-8E48-B56C9AD5DF20}.Release|Any CPU.ActiveCfg = Release|Any CPU
		{097601FB-7E62-47DA-8E48-B56C9AD5DF20}.Release|Any CPU.Build.0 = Release|Any CPU
		{097601FB-7E62-47DA-8E48-B56C9AD5DF20}.Release|Mixed Platforms.ActiveCfg = Release|Any CPU
		{097601FB-7E62-47DA-8E48-B56C9AD5DF20}.Release|Mixed Platforms.Build.0 = Release|Any CPU
		{097601FB-7E62-47DA-8E48-B56C9AD5DF20}.Release|Win32.ActiveCfg = Release|Any CPU
		{F6822590-159D-4FA2-813D-9DB89F736A8D}.Debug|Any CPU.ActiveCfg = Debug|Any CPU
		{F6822590-159D-4FA2-813D-9DB89F736A8D}.Debug|Any CPU.Build.0 = Debug|Any CPU
		{F6822590-159D-4FA2-813D-9DB89F736A8D}.Debug|Mixed Platforms.ActiveCfg = Debug|Any CPU
		{F6822590-159D-4FA2-813D-9DB89F736A8D}.Debug|Mixed Platforms.Build.0 = Debug|Any CPU
		{F6822590-159D-4FA2-813D-9DB89F736A8D}.Debug|Win32.ActiveCfg = Debug|Any CPU
		{F6822590-159D-4FA2-813D-9DB89F736A8D}.Release|Any CPU.ActiveCfg = Release|Any CPU
		{F6822590-159D-4FA2-813D-9DB89F736A8D}.Release|Any CPU.Build.0 = Release|Any CPU
		{F6822590-159D-4FA2-813D-9DB89F736A8D}.Release|Mixed Platforms.ActiveCfg = Release|Any CPU
		{F6822590-159D-4FA2-813D-9DB89F736A8D}.Release|Mixed Platforms.Build.0 = Release|Any CPU
		{F6822590-159D-4FA2-813D-9DB89F736A8D}.Release|Win32.ActiveCfg = Release|Any CPU
		{17A3A028-0428-403C-8CE5-9282CF1248D2}.Debug|Any CPU.ActiveCfg = Debug|Any CPU
		{17A3A028-0428-403C-8CE5-9282CF1248D2}.Debug|Any CPU.Build.0 = Debug|Any CPU
		{17A3A028-0428-403C-8CE5-9282CF1248D2}.Debug|Mixed Platforms.ActiveCfg = Debug|Any CPU
		{17A3A028-0428-403C-8CE5-9282CF1248D2}.Debug|Mixed Platforms.Build.0 = Debug|Any CPU
		{17A3A028-0428-403C-8CE5-9282CF1248D2}.Debug|Win32.ActiveCfg = Debug|Any CPU
		{17A3A028-0428-403C-8CE5-9282CF1248D2}.Release|Any CPU.ActiveCfg = Release|Any CPU
		{17A3A028-0428-403C-8CE5-9282CF1248D2}.Release|Any CPU.Build.0 = Release|Any CPU
		{17A3A028-0428-403C-8CE5-9282CF1248D2}.Release|Mixed Platforms.ActiveCfg = Release|Any CPU
		{17A3A028-0428-403C-8CE5-9282CF1248D2}.Release|Mixed Platforms.Build.0 = Release|Any CPU
		{17A3A028-0428-403C-8CE5-9282CF1248D2}.Release|Win32.ActiveCfg = Release|Any CPU
		{CFF6CAA1-27A0-46FF-89D6-AD70F3575685}.Debug|Any CPU.ActiveCfg = Debug|Any CPU
		{CFF6CAA1-27A0-46FF-89D6-AD70F3575685}.Debug|Any CPU.Build.0 = Debug|Any CPU
		{CFF6CAA1-27A0-46FF-89D6-AD70F3575685}.Debug|Mixed Platforms.ActiveCfg = Debug|Any CPU
		{CFF6CAA1-27A0-46FF-89D6-AD70F3575685}.Debug|Mixed Platforms.Build.0 = Debug|Any CPU
		{CFF6CAA1-27A0-46FF-89D6-AD70F3575685}.Debug|Win32.ActiveCfg = Debug|Any CPU
		{CFF6CAA1-27A0-46FF-89D6-AD70F3575685}.Release|Any CPU.ActiveCfg = Release|Any CPU
		{CFF6CAA1-27A0-46FF-89D6-AD70F3575685}.Release|Any CPU.Build.0 = Release|Any CPU
		{CFF6CAA1-27A0-46FF-89D6-AD70F3575685}.Release|Mixed Platforms.ActiveCfg = Release|Any CPU
		{CFF6CAA1-27A0-46FF-89D6-AD70F3575685}.Release|Mixed Platforms.Build.0 = Release|Any CPU
		{CFF6CAA1-27A0-46FF-89D6-AD70F3575685}.Release|Win32.ActiveCfg = Release|Any CPU
		{9208F806-D81A-4C53-8805-49827FD399E2}.Debug|Any CPU.ActiveCfg = Debug|Any CPU
		{9208F806-D81A-4C53-8805-49827FD399E2}.Debug|Any CPU.Build.0 = Debug|Any CPU
		{9208F806-D81A-4C53-8805-49827FD399E2}.Debug|Mixed Platforms.ActiveCfg = Debug|Any CPU
		{9208F806-D81A-4C53-8805-49827FD399E2}.Debug|Mixed Platforms.Build.0 = Debug|Any CPU
		{9208F806-D81A-4C53-8805-49827FD399E2}.Debug|Win32.ActiveCfg = Debug|Any CPU
		{9208F806-D81A-4C53-8805-49827FD399E2}.Release|Any CPU.ActiveCfg = Release|Any CPU
		{9208F806-D81A-4C53-8805-49827FD399E2}.Release|Any CPU.Build.0 = Release|Any CPU
		{9208F806-D81A-4C53-8805-49827FD399E2}.Release|Mixed Platforms.ActiveCfg = Release|Any CPU
		{9208F806-D81A-4C53-8805-49827FD399E2}.Release|Mixed Platforms.Build.0 = Release|Any CPU
		{9208F806-D81A-4C53-8805-49827FD399E2}.Release|Win32.ActiveCfg = Release|Any CPU
		{73680B86-524B-4296-90CE-740B2486D279}.Debug|Any CPU.ActiveCfg = Debug|Any CPU
		{73680B86-524B-4296-90CE-740B2486D279}.Debug|Any CPU.Build.0 = Debug|Any CPU
		{73680B86-524B-4296-90CE-740B2486D279}.Debug|Mixed Platforms.ActiveCfg = Debug|Any CPU
		{73680B86-524B-4296-90CE-740B2486D279}.Debug|Mixed Platforms.Build.0 = Debug|Any CPU
		{73680B86-524B-4296-90CE-740B2486D279}.Debug|Win32.ActiveCfg = Debug|Any CPU
		{73680B86-524B-4296-90CE-740B2486D279}.Release|Any CPU.ActiveCfg = Release|Any CPU
		{73680B86-524B-4296-90CE-740B2486D279}.Release|Any CPU.Build.0 = Release|Any CPU
		{73680B86-524B-4296-90CE-740B2486D279}.Release|Mixed Platforms.ActiveCfg = Release|Any CPU
		{73680B86-524B-4296-90CE-740B2486D279}.Release|Mixed Platforms.Build.0 = Release|Any CPU
		{73680B86-524B-4296-90CE-740B2486D279}.Release|Win32.ActiveCfg = Release|Any CPU
		{022F82B4-4E41-4A8A-ADE2-B500F71D3C26}.Debug|Any CPU.ActiveCfg = Debug|Any CPU
		{022F82B4-4E41-4A8A-ADE2-B500F71D3C26}.Debug|Any CPU.Build.0 = Debug|Any CPU
		{022F82B4-4E41-4A8A-ADE2-B500F71D3C26}.Debug|Mixed Platforms.ActiveCfg = Debug|Any CPU
		{022F82B4-4E41-4A8A-ADE2-B500F71D3C26}.Debug|Mixed Platforms.Build.0 = Debug|Any CPU
		{022F82B4-4E41-4A8A-ADE2-B500F71D3C26}.Debug|Win32.ActiveCfg = Debug|Any CPU
		{022F82B4-4E41-4A8A-ADE2-B500F71D3C26}.Release|Any CPU.ActiveCfg = Release|Any CPU
		{022F82B4-4E41-4A8A-ADE2-B500F71D3C26}.Release|Any CPU.Build.0 = Release|Any CPU
		{022F82B4-4E41-4A8A-ADE2-B500F71D3C26}.Release|Mixed Platforms.ActiveCfg = Release|Any CPU
		{022F82B4-4E41-4A8A-ADE2-B500F71D3C26}.Release|Mixed Platforms.Build.0 = Release|Any CPU
		{022F82B4-4E41-4A8A-ADE2-B500F71D3C26}.Release|Win32.ActiveCfg = Release|Any CPU
		{61A72054-0822-401C-BD89-DC3B2ED328A5}.Debug|Any CPU.ActiveCfg = Debug|Any CPU
		{61A72054-0822-401C-BD89-DC3B2ED328A5}.Debug|Any CPU.Build.0 = Debug|Any CPU
		{61A72054-0822-401C-BD89-DC3B2ED328A5}.Debug|Mixed Platforms.ActiveCfg = Debug|Any CPU
		{61A72054-0822-401C-BD89-DC3B2ED328A5}.Debug|Mixed Platforms.Build.0 = Debug|Any CPU
		{61A72054-0822-401C-BD89-DC3B2ED328A5}.Debug|Win32.ActiveCfg = Debug|Any CPU
		{61A72054-0822-401C-BD89-DC3B2ED328A5}.Release|Any CPU.ActiveCfg = Release|Any CPU
		{61A72054-0822-401C-BD89-DC3B2ED328A5}.Release|Any CPU.Build.0 = Release|Any CPU
		{61A72054-0822-401C-BD89-DC3B2ED328A5}.Release|Mixed Platforms.ActiveCfg = Release|Any CPU
		{61A72054-0822-401C-BD89-DC3B2ED328A5}.Release|Mixed Platforms.Build.0 = Release|Any CPU
		{61A72054-0822-401C-BD89-DC3B2ED328A5}.Release|Win32.ActiveCfg = Release|Any CPU
		{8C8B35B9-9A35-4020-9A86-BA934B718331}.Debug|Any CPU.ActiveCfg = Debug|Any CPU
		{8C8B35B9-9A35-4020-9A86-BA934B718331}.Debug|Any CPU.Build.0 = Debug|Any CPU
		{8C8B35B9-9A35-4020-9A86-BA934B718331}.Debug|Mixed Platforms.ActiveCfg = Debug|Any CPU
		{8C8B35B9-9A35-4020-9A86-BA934B718331}.Debug|Mixed Platforms.Build.0 = Debug|Any CPU
		{8C8B35B9-9A35-4020-9A86-BA934B718331}.Debug|Win32.ActiveCfg = Debug|Any CPU
		{8C8B35B9-9A35-4020-9A86-BA934B718331}.Release|Any CPU.ActiveCfg = Release|Any CPU
		{8C8B35B9-9A35-4020-9A86-BA934B718331}.Release|Any CPU.Build.0 = Release|Any CPU
		{8C8B35B9-9A35-4020-9A86-BA934B718331}.Release|Mixed Platforms.ActiveCfg = Release|Any CPU
		{8C8B35B9-9A35-4020-9A86-BA934B718331}.Release|Mixed Platforms.Build.0 = Release|Any CPU
		{8C8B35B9-9A35-4020-9A86-BA934B718331}.Release|Win32.ActiveCfg = Release|Any CPU
	EndGlobalSection
	GlobalSection(SolutionProperties) = preSolution
		HideSolutionNode = FALSE
	EndGlobalSection
EndGlobal
